
Microsoft Visual Studio Solution File, Format Version 12.00
# Visual Studio 15
VisualStudioVersion = 15.0.28010.2046
MinimumVisualStudioVersion = 10.0.40219.1
Project("{FAE04EC0-301F-11D3-BF4B-00C04F79EFBC}") = "NVS.Components", "NVS.Components\NVS.Components.csproj", "{6B4C0EC8-452A-46BD-9FB5-EE4665D205F0}"
EndProject
Project("{FAE04EC0-301F-11D3-BF4B-00C04F79EFBC}") = "KitchenSink", "KitchenSink\KitchenSink.csproj", "{8FF1853D-4A54-4DB6-9F4E-F93F1BB9E033}"
EndProject
Global
	GlobalSection(SolutionConfigurationPlatforms) = preSolution
		Debug|Any CPU = Debug|Any CPU
		Release|Any CPU = Release|Any CPU
	EndGlobalSection
	GlobalSection(ProjectConfigurationPlatforms) = postSolution
		{6B4C0EC8-452A-46BD-9FB5-EE4665D205F0}.Debug|Any CPU.ActiveCfg = Debug|Any CPU
		{6B4C0EC8-452A-46BD-9FB5-EE4665D205F0}.Debug|Any CPU.Build.0 = Debug|Any CPU
		{6B4C0EC8-452A-46BD-9FB5-EE4665D205F0}.Release|Any CPU.ActiveCfg = Release|Any CPU
		{6B4C0EC8-452A-46BD-9FB5-EE4665D205F0}.Release|Any CPU.Build.0 = Release|Any CPU
		{8FF1853D-4A54-4DB6-9F4E-F93F1BB9E033}.Debug|Any CPU.ActiveCfg = Debug|Any CPU
		{8FF1853D-4A54-4DB6-9F4E-F93F1BB9E033}.Debug|Any CPU.Build.0 = Debug|Any CPU
		{8FF1853D-4A54-4DB6-9F4E-F93F1BB9E033}.Release|Any CPU.ActiveCfg = Release|Any CPU
		{8FF1853D-4A54-4DB6-9F4E-F93F1BB9E033}.Release|Any CPU.Build.0 = Release|Any CPU
	EndGlobalSection
	GlobalSection(SolutionProperties) = preSolution
		HideSolutionNode = FALSE
	EndGlobalSection
	GlobalSection(ExtensibilityGlobals) = postSolution
		SolutionGuid = {7BCCF039-6F13-4CF3-9235-861B8C514500}
	EndGlobalSection
EndGlobal
